
Microsoft Visual Studio Solution File, Format Version 12.00
# Visual Studio Version 16
VisualStudioVersion = 16.0.31624.102
MinimumVisualStudioVersion = 10.0.40219.1
Project("{FAE04EC0-301F-11D3-BF4B-00C04F79EFBC}") = "CodeAlong Empty Variables", "CodeAlong Empty Variables\CodeAlong Empty Variables.csproj", "{D3F1C95E-6F59-4169-9DF4-F8C4C3CE1464}"
EndProject
Global
	GlobalSection(SolutionConfigurationPlatforms) = preSolution
		Debug|Any CPU = Debug|Any CPU
		Release|Any CPU = Release|Any CPU
	EndGlobalSection
	GlobalSection(ProjectConfigurationPlatforms) = postSolution
		{D3F1C95E-6F59-4169-9DF4-F8C4C3CE1464}.Debug|Any CPU.ActiveCfg = Debug|Any CPU
		{D3F1C95E-6F59-4169-9DF4-F8C4C3CE1464}.Debug|Any CPU.Build.0 = Debug|Any CPU
		{D3F1C95E-6F59-4169-9DF4-F8C4C3CE1464}.Release|Any CPU.ActiveCfg = Release|Any CPU
		{D3F1C95E-6F59-4169-9DF4-F8C4C3CE1464}.Release|Any CPU.Build.0 = Release|Any CPU
	EndGlobalSection
	GlobalSection(SolutionProperties) = preSolution
		HideSolutionNode = FALSE
	EndGlobalSection
	GlobalSection(ExtensibilityGlobals) = postSolution
		SolutionGuid = {3BCFD4DF-CCB7-4CDA-88A7-719273D1654D}
	EndGlobalSection
EndGlobal
